// !$*UTF8*$!
{
	archiveVersion = 1;
	classes = {
	};
	objectVersion = 55;
	objects = {

/* Begin PBXBuildFile section */
		7512EB5A2940DC9700C0E95B /* EndPopUp.swift in Sources */ = {isa = PBXBuildFile; fileRef = 7512EB592940DC9700C0E95B /* EndPopUp.swift */; };
		7B06AAF628733E79002E3F5B /* ColorWallObstacle.swift in Sources */ = {isa = PBXBuildFile; fileRef = 7B06AAF528733E79002E3F5B /* ColorWallObstacle.swift */; };
		7B06AAF8287382AC002E3F5B /* DragBlock.swift in Sources */ = {isa = PBXBuildFile; fileRef = 7B06AAF7287382AC002E3F5B /* DragBlock.swift */; };
		7BA69C942870D4710088BC7A /* ColorRaceApp.swift in Sources */ = {isa = PBXBuildFile; fileRef = 7BA69C932870D4710088BC7A /* ColorRaceApp.swift */; };
		7BA69C962870D4710088BC7A /* ContentView.swift in Sources */ = {isa = PBXBuildFile; fileRef = 7BA69C952870D4710088BC7A /* ContentView.swift */; };
		7BA69C982870D4720088BC7A /* Assets.xcassets in Resources */ = {isa = PBXBuildFile; fileRef = 7BA69C972870D4710088BC7A /* Assets.xcassets */; };
		7BA69C9B2870D4720088BC7A /* Preview Assets.xcassets in Resources */ = {isa = PBXBuildFile; fileRef = 7BA69C9A2870D4720088BC7A /* Preview Assets.xcassets */; };
		7BA69CA4287112DD0088BC7A /* ColorWall.scn in Resources */ = {isa = PBXBuildFile; fileRef = 7BA69CA3287112DD0088BC7A /* ColorWall.scn */; };
/* End PBXBuildFile section */

/* Begin PBXFileReference section */
		7512EB592940DC9700C0E95B /* EndPopUp.swift */ = {isa = PBXFileReference; lastKnownFileType = sourcecode.swift; path = EndPopUp.swift; sourceTree = "<group>"; };
		7B06AAF528733E79002E3F5B /* ColorWallObstacle.swift */ = {isa = PBXFileReference; lastKnownFileType = sourcecode.swift; path = ColorWallObstacle.swift; sourceTree = "<group>"; };
		7B06AAF7287382AC002E3F5B /* DragBlock.swift */ = {isa = PBXFileReference; lastKnownFileType = sourcecode.swift; path = DragBlock.swift; sourceTree = "<group>"; };
		7BA69C902870D4710088BC7A /* ColorRace.app */ = {isa = PBXFileReference; explicitFileType = wrapper.application; includeInIndex = 0; path = ColorRace.app; sourceTree = BUILT_PRODUCTS_DIR; };
		7BA69C932870D4710088BC7A /* ColorRaceApp.swift */ = {isa = PBXFileReference; lastKnownFileType = sourcecode.swift; path = ColorRaceApp.swift; sourceTree = "<group>"; };
		7BA69C952870D4710088BC7A /* ContentView.swift */ = {isa = PBXFileReference; lastKnownFileType = sourcecode.swift; path = ContentView.swift; sourceTree = "<group>"; };
		7BA69C972870D4710088BC7A /* Assets.xcassets */ = {isa = PBXFileReference; lastKnownFileType = folder.assetcatalog; path = Assets.xcassets; sourceTree = "<group>"; };
		7BA69C9A2870D4720088BC7A /* Preview Assets.xcassets */ = {isa = PBXFileReference; lastKnownFileType = folder.assetcatalog; path = "Preview Assets.xcassets"; sourceTree = "<group>"; };
		7BA69CA3287112DD0088BC7A /* ColorWall.scn */ = {isa = PBXFileReference; lastKnownFileType = file.bplist; path = ColorWall.scn; sourceTree = "<group>"; };
/* End PBXFileReference section */

/* Begin PBXFrameworksBuildPhase section */
		7BA69C8D2870D4710088BC7A /* Frameworks */ = {
			isa = PBXFrameworksBuildPhase;
			buildActionMask = 2147483647;
			files = (
			);
			runOnlyForDeploymentPostprocessing = 0;
		};
/* End PBXFrameworksBuildPhase section */

/* Begin PBXGroup section */
		7BA69C872870D4710088BC7A = {
			isa = PBXGroup;
			children = (
				7BA69C922870D4710088BC7A /* ColorRace */,
				7BA69C912870D4710088BC7A /* Products */,
			);
			sourceTree = "<group>";
		};
		7BA69C912870D4710088BC7A /* Products */ = {
			isa = PBXGroup;
			children = (
				7BA69C902870D4710088BC7A /* ColorRace.app */,
			);
			name = Products;
			sourceTree = "<group>";
		};
		7BA69C922870D4710088BC7A /* ColorRace */ = {
			isa = PBXGroup;
			children = (
				7BA69C932870D4710088BC7A /* ColorRaceApp.swift */,
				7BA69C952870D4710088BC7A /* ContentView.swift */,
				7B06AAF7287382AC002E3F5B /* DragBlock.swift */,
				7B06AAF528733E79002E3F5B /* ColorWallObstacle.swift */,
				7512EB592940DC9700C0E95B /* EndPopUp.swift */,
				7BA69CA3287112DD0088BC7A /* ColorWall.scn */,
				7BA69C972870D4710088BC7A /* Assets.xcassets */,
				7BA69C992870D4720088BC7A /* Preview Content */,
			);
			path = ColorRace;
			sourceTree = "<group>";
		};
		7BA69C992870D4720088BC7A /* Preview Content */ = {
			isa = PBXGroup;
			children = (
				7BA69C9A2870D4720088BC7A /* Preview Assets.xcassets */,
			);
			path = "Preview Content";
			sourceTree = "<group>";
		};
/* End PBXGroup section */

/* Begin PBXNativeTarget section */
		7BA69C8F2870D4710088BC7A /* ColorRace */ = {
			isa = PBXNativeTarget;
			buildConfigurationList = 7BA69C9E2870D4720088BC7A /* Build configuration list for PBXNativeTarget "ColorRace" */;
			buildPhases = (
				7BA69C8C2870D4710088BC7A /* Sources */,
				7BA69C8D2870D4710088BC7A /* Frameworks */,
				7BA69C8E2870D4710088BC7A /* Resources */,
			);
			buildRules = (
			);
			dependencies = (
			);
			name = ColorRace;
			productName = ColorRace;
			productReference = 7BA69C902870D4710088BC7A /* ColorRace.app */;
			productType = "com.apple.product-type.application";
		};
/* End PBXNativeTarget section */

/* Begin PBXProject section */
		7BA69C882870D4710088BC7A /* Project object */ = {
			isa = PBXProject;
			attributes = {
				BuildIndependentTargetsInParallel = 1;
				LastSwiftUpdateCheck = 1340;
				LastUpgradeCheck = 1340;
				TargetAttributes = {
					7BA69C8F2870D4710088BC7A = {
						CreatedOnToolsVersion = 13.4.1;
					};
				};
			};
			buildConfigurationList = 7BA69C8B2870D4710088BC7A /* Build configuration list for PBXProject "ColorRace" */;
			compatibilityVersion = "Xcode 13.0";
			developmentRegion = en;
			hasScannedForEncodings = 0;
			knownRegions = (
				en,
				Base,
			);
			mainGroup = 7BA69C872870D4710088BC7A;
			productRefGroup = 7BA69C912870D4710088BC7A /* Products */;
			projectDirPath = "";
			projectRoot = "";
			targets = (
				7BA69C8F2870D4710088BC7A /* ColorRace */,
			);
		};
/* End PBXProject section */

/* Begin PBXResourcesBuildPhase section */
		7BA69C8E2870D4710088BC7A /* Resources */ = {
			isa = PBXResourcesBuildPhase;
			buildActionMask = 2147483647;
			files = (
				7BA69C9B2870D4720088BC7A /* Preview Assets.xcassets in Resources */,
				7BA69C982870D4720088BC7A /* Assets.xcassets in Resources */,
				7BA69CA4287112DD0088BC7A /* ColorWall.scn in Resources */,
			);
			runOnlyForDeploymentPostprocessing = 0;
		};
/* End PBXResourcesBuildPhase section */

/* Begin PBXSourcesBuildPhase section */
		7BA69C8C2870D4710088BC7A /* Sources */ = {
			isa = PBXSourcesBuildPhase;
			buildActionMask = 2147483647;
			files = (
				7BA69C962870D4710088BC7A /* ContentView.swift in Sources */,
				7512EB5A2940DC9700C0E95B /* EndPopUp.swift in Sources */,
				7B06AAF628733E79002E3F5B /* ColorWallObstacle.swift in Sources */,
				7BA69C942870D4710088BC7A /* ColorRaceApp.swift in Sources */,
				7B06AAF8287382AC002E3F5B /* DragBlock.swift in Sources */,
			);
			runOnlyForDeploymentPostprocessing = 0;
		};
/* End PBXSourcesBuildPhase section */

/* Begin XCBuildConfiguration section */
		7BA69C9C2870D4720088BC7A /* Debug */ = {
			isa = XCBuildConfiguration;
			buildSettings = {
				ALWAYS_SEARCH_USER_PATHS = NO;
				CLANG_ANALYZER_NONNULL = YES;
				CLANG_ANALYZER_NUMBER_OBJECT_CONVERSION = YES_AGGRESSIVE;
				CLANG_CXX_LANGUAGE_STANDARD = "gnu++17";
				CLANG_ENABLE_MODULES = YES;
				CLANG_ENABLE_OBJC_ARC = YES;
				CLANG_ENABLE_OBJC_WEAK = YES;
				CLANG_WARN_BLOCK_CAPTURE_AUTORELEASING = YES;
				CLANG_WARN_BOOL_CONVERSION = YES;
				CLANG_WARN_COMMA = YES;
				CLANG_WARN_CONSTANT_CONVERSION = YES;
				CLANG_WARN_DEPRECATED_OBJC_IMPLEMENTATIONS = YES;
				CLANG_WARN_DIRECT_OBJC_ISA_USAGE = YES_ERROR;
				CLANG_WARN_DOCUMENTATION_COMMENTS = YES;
				CLANG_WARN_EMPTY_BODY = YES;
				CLANG_WARN_ENUM_CONVERSION = YES;
				CLANG_WARN_INFINITE_RECURSION = YES;
				CLANG_WARN_INT_CONVERSION = YES;
				CLANG_WARN_NON_LITERAL_NULL_CONVERSION = YES;
				CLANG_WARN_OBJC_IMPLICIT_RETAIN_SELF = YES;
				CLANG_WARN_OBJC_LITERAL_CONVERSION = YES;
				CLANG_WARN_OBJC_ROOT_CLASS = YES_ERROR;
				CLANG_WARN_QUOTED_INCLUDE_IN_FRAMEWORK_HEADER = YES;
				CLANG_WARN_RANGE_LOOP_ANALYSIS = YES;
				CLANG_WARN_STRICT_PROTOTYPES = YES;
				CLANG_WARN_SUSPICIOUS_MOVE = YES;
				CLANG_WARN_UNGUARDED_AVAILABILITY = YES_AGGRESSIVE;
				CLANG_WARN_UNREACHABLE_CODE = YES;
				CLANG_WARN__DUPLICATE_METHOD_MATCH = YES;
				COPY_PHASE_STRIP = NO;
				DEBUG_INFORMATION_FORMAT = dwarf;
				ENABLE_STRICT_OBJC_MSGSEND = YES;
				ENABLE_TESTABILITY = YES;
				GCC_C_LANGUAGE_STANDARD = gnu11;
				GCC_DYNAMIC_NO_PIC = NO;
				GCC_NO_COMMON_BLOCKS = YES;
				GCC_OPTIMIZATION_LEVEL = 0;
				GCC_PREPROCESSOR_DEFINITIONS = (
					"DEBUG=1",
					"$(inherited)",
				);
				GCC_WARN_64_TO_32_BIT_CONVERSION = YES;
				GCC_WARN_ABOUT_RETURN_TYPE = YES_ERROR;
				GCC_WARN_UNDECLARED_SELECTOR = YES;
				GCC_WARN_UNINITIALIZED_AUTOS = YES_AGGRESSIVE;
				GCC_WARN_UNUSED_FUNCTION = YES;
				GCC_WARN_UNUSED_VARIABLE = YES;
				IPHONEOS_DEPLOYMENT_TARGET = 15.5;
				MTL_ENABLE_DEBUG_INFO = INCLUDE_SOURCE;
				MTL_FAST_MATH = YES;
				ONLY_ACTIVE_ARCH = YES;
				SDKROOT = iphoneos;
				SWIFT_ACTIVE_COMPILATION_CONDITIONS = DEBUG;
				SWIFT_OPTIMIZATION_LEVEL = "-Onone";
			};
			name = Debug;
		};
		7BA69C9D2870D4720088BC7A /* Release */ = {
			isa = XCBuildConfiguration;
			buildSettings = {
				ALWAYS_SEARCH_USER_PATHS = NO;
				CLANG_ANALYZER_NONNULL = YES;
				CLANG_ANALYZER_NUMBER_OBJECT_CONVERSION = YES_AGGRESSIVE;
				CLANG_CXX_LANGUAGE_STANDARD = "gnu++17";
				CLANG_ENABLE_MODULES = YES;
				CLANG_ENABLE_OBJC_ARC = YES;
				CLANG_ENABLE_OBJC_WEAK = YES;
				CLANG_WARN_BLOCK_CAPTURE_AUTORELEASING = YES;
				CLANG_WARN_BOOL_CONVERSION = YES;
				CLANG_WARN_COMMA = YES;
				CLANG_WARN_CONSTANT_CONVERSION = YES;
				CLANG_WARN_DEPRECATED_OBJC_IMPLEMENTATIONS = YES;
				CLANG_WARN_DIRECT_OBJC_ISA_USAGE = YES_ERROR;
				CLANG_WARN_DOCUMENTATION_COMMENTS = YES;
				CLANG_WARN_EMPTY_BODY = YES;
				CLANG_WARN_ENUM_CONVERSION = YES;
				CLANG_WARN_INFINITE_RECURSION = YES;
				CLANG_WARN_INT_CONVERSION = YES;
				CLANG_WARN_NON_LITERAL_NULL_CONVERSION = YES;
				CLANG_WARN_OBJC_IMPLICIT_RETAIN_SELF = YES;
				CLANG_WARN_OBJC_LITERAL_CONVERSION = YES;
				CLANG_WARN_OBJC_ROOT_CLASS = YES_ERROR;
				CLANG_WARN_QUOTED_INCLUDE_IN_FRAMEWORK_HEADER = YES;
				CLANG_WARN_RANGE_LOOP_ANALYSIS = YES;
				CLANG_WARN_STRICT_PROTOTYPES = YES;
				CLANG_WARN_SUSPICIOUS_MOVE = YES;
				CLANG_WARN_UNGUARDED_AVAILABILITY = YES_AGGRESSIVE;
				CLANG_WARN_UNREACHABLE_CODE = YES;
				CLANG_WARN__DUPLICATE_METHOD_MATCH = YES;
				COPY_PHASE_STRIP = NO;
				DEBUG_INFORMATION_FORMAT = "dwarf-with-dsym";
				ENABLE_NS_ASSERTIONS = NO;
				ENABLE_STRICT_OBJC_MSGSEND = YES;
				GCC_C_LANGUAGE_STANDARD = gnu11;
				GCC_NO_COMMON_BLOCKS = YES;
				GCC_WARN_64_TO_32_BIT_CONVERSION = YES;
				GCC_WARN_ABOUT_RETURN_TYPE = YES_ERROR;
				GCC_WARN_UNDECLARED_SELECTOR = YES;
				GCC_WARN_UNINITIALIZED_AUTOS = YES_AGGRESSIVE;
				GCC_WARN_UNUSED_FUNCTION = YES;
				GCC_WARN_UNUSED_VARIABLE = YES;
				IPHONEOS_DEPLOYMENT_TARGET = 15.5;
				MTL_ENABLE_DEBUG_INFO = NO;
				MTL_FAST_MATH = YES;
				SDKROOT = iphoneos;
				SWIFT_COMPILATION_MODE = wholemodule;
				SWIFT_OPTIMIZATION_LEVEL = "-O";
				VALIDATE_PRODUCT = YES;
			};
			name = Release;
		};
		7BA69C9F2870D4720088BC7A /* Debug */ = {
			isa = XCBuildConfiguration;
			buildSettings = {
				ASSETCATALOG_COMPILER_APPICON_NAME = AppIcon;
				ASSETCATALOG_COMPILER_GLOBAL_ACCENT_COLOR_NAME = AccentColor;
				CODE_SIGN_STYLE = Automatic;
				CURRENT_PROJECT_VERSION = 1;
				DEVELOPMENT_ASSET_PATHS = "\"ColorRace/Preview Content\"";
				DEVELOPMENT_TEAM = UK477MGDX8;
				ENABLE_PREVIEWS = YES;
				GENERATE_INFOPLIST_FILE = YES;
				INFOPLIST_KEY_UIApplicationSceneManifest_Generation = YES;
				INFOPLIST_KEY_UIApplicationSupportsIndirectInputEvents = YES;
				INFOPLIST_KEY_UILaunchScreen_Generation = YES;
				INFOPLIST_KEY_UISupportedInterfaceOrientations = UIInterfaceOrientationPortrait;
				INFOPLIST_KEY_UISupportedInterfaceOrientations_iPad = "UIInterfaceOrientationPortrait UIInterfaceOrientationPortraitUpsideDown UIInterfaceOrientationLandscapeLeft UIInterfaceOrientationLandscapeRight";
				INFOPLIST_KEY_UISupportedInterfaceOrientations_iPhone = "UIInterfaceOrientationPortrait UIInterfaceOrientationLandscapeLeft UIInterfaceOrientationLandscapeRight";
				LD_RUNPATH_SEARCH_PATHS = (
					"$(inherited)",
					"@executable_path/Frameworks",
				);
				MARKETING_VERSION = 1.0;
				PRODUCT_BUNDLE_IDENTIFIER = com.sanjan.ColorRace;
				PRODUCT_NAME = "$(TARGET_NAME)";
				SWIFT_EMIT_LOC_STRINGS = YES;
				SWIFT_VERSION = 5.0;
				TARGETED_DEVICE_FAMILY = "1,2";
			};
			name = Debug;
		};
		7BA69CA02870D4720088BC7A /* Release */ = {
			isa = XCBuildConfiguration;
			buildSettings = {
				ASSETCATALOG_COMPILER_APPICON_NAME = AppIcon;
				ASSETCATALOG_COMPILER_GLOBAL_ACCENT_COLOR_NAME = AccentColor;
				CODE_SIGN_STYLE = Automatic;
				CURRENT_PROJECT_VERSION = 1;
				DEVELOPMENT_ASSET_PATHS = "\"ColorRace/Preview Content\"";
				DEVELOPMENT_TEAM = UK477MGDX8;
				ENABLE_PREVIEWS = YES;
				GENERATE_INFOPLIST_FILE = YES;
				INFOPLIST_KEY_UIApplicationSceneManifest_Generation = YES;
				INFOPLIST_KEY_UIApplicationSupportsIndirectInputEvents = YES;
				INFOPLIST_KEY_UILaunchScreen_Generation = YES;
				INFOPLIST_KEY_UISupportedInterfaceOrientations = UIInterfaceOrientationPortrait;
				INFOPLIST_KEY_UISupportedInterfaceOrientations_iPad = "UIInterfaceOrientationPortrait UIInterfaceOrientationPortraitUpsideDown UIInterfaceOrientationLandscapeLeft UIInterfaceOrientationLandscapeRight";
				INFOPLIST_KEY_UISupportedInterfaceOrientations_iPhone = "UIInterfaceOrientationPortrait UIInterfaceOrientationLandscapeLeft UIInterfaceOrientationLandscapeRight";
				LD_RUNPATH_SEARCH_PATHS = (
					"$(inherited)",
					"@executable_path/Frameworks",
				);
				MARKETING_VERSION = 1.0;
				PRODUCT_BUNDLE_IDENTIFIER = com.sanjan.ColorRace;
				PRODUCT_NAME = "$(TARGET_NAME)";
				SWIFT_EMIT_LOC_STRINGS = YES;
				SWIFT_VERSION = 5.0;
				TARGETED_DEVICE_FAMILY = "1,2";
			};
			name = Release;
		};
/* End XCBuildConfiguration section */

/* Begin XCConfigurationList section */
		7BA69C8B2870D4710088BC7A /* Build configuration list for PBXProject "ColorRace" */ = {
			isa = XCConfigurationList;
			buildConfigurations = (
				7BA69C9C2870D4720088BC7A /* Debug */,
				7BA69C9D2870D4720088BC7A /* Release */,
			);
			defaultConfigurationIsVisible = 0;
			defaultConfigurationName = Release;
		};
		7BA69C9E2870D4720088BC7A /* Build configuration list for PBXNativeTarget "ColorRace" */ = {
			isa = XCConfigurationList;
			buildConfigurations = (
				7BA69C9F2870D4720088BC7A /* Debug */,
				7BA69CA02870D4720088BC7A /* Release */,
			);
			defaultConfigurationIsVisible = 0;
			defaultConfigurationName = Release;
		};
/* End XCConfigurationList section */
	};
	rootObject = 7BA69C882870D4710088BC7A /* Project object */;
}
